
Microsoft Visual Studio Solution File, Format Version 12.00
# Visual Studio Version 17
VisualStudioVersion = 17.1.32210.238
MinimumVisualStudioVersion = 10.0.40219.1
Project("{FAE04EC0-301F-11D3-BF4B-00C04F79EFBC}") = "ApplicationInsightsExample", "ApplicationInsightsExample\ApplicationInsightsExample.csproj", "{0ECE318A-0349-4790-B104-8E57899FF6B5}"
EndProject
Global
	GlobalSection(SolutionConfigurationPlatforms) = preSolution
		Debug|Any CPU = Debug|Any CPU
		Release|Any CPU = Release|Any CPU
	EndGlobalSection
	GlobalSection(ProjectConfigurationPlatforms) = postSolution
		{0ECE318A-0349-4790-B104-8E57899FF6B5}.Debug|Any CPU.ActiveCfg = Debug|Any CPU
		{0ECE318A-0349-4790-B104-8E57899FF6B5}.Debug|Any CPU.Build.0 = Debug|Any CPU
		{0ECE318A-0349-4790-B104-8E57899FF6B5}.Release|Any CPU.ActiveCfg = Release|Any CPU
		{0ECE318A-0349-4790-B104-8E57899FF6B5}.Release|Any CPU.Build.0 = Release|Any CPU
	EndGlobalSection
	GlobalSection(SolutionProperties) = preSolution
		HideSolutionNode = FALSE
	EndGlobalSection
	GlobalSection(ExtensibilityGlobals) = postSolution
		SolutionGuid = {58156707-17F9-47DD-B9EE-EAD8F7A117D6}
	EndGlobalSection
EndGlobal
